
Microsoft Visual Studio Solution File, Format Version 12.00
# Visual Studio Version 17
VisualStudioVersion = 17.5.002.0
MinimumVisualStudioVersion = 10.0.40219.1
Project("{9A19103F-16F7-4668-BE54-9A1E7A4F7556}") = "Bookish", "Bookish.csproj", "{74F4ACBE-2983-4498-B4C7-8DBA1DA5F33F}"
EndProject
Global
	GlobalSection(SolutionConfigurationPlatforms) = preSolution
		Debug|Any CPU = Debug|Any CPU
		Release|Any CPU = Release|Any CPU
	EndGlobalSection
	GlobalSection(ProjectConfigurationPlatforms) = postSolution
		{74F4ACBE-2983-4498-B4C7-8DBA1DA5F33F}.Debug|Any CPU.ActiveCfg = Debug|Any CPU
		{74F4ACBE-2983-4498-B4C7-8DBA1DA5F33F}.Debug|Any CPU.Build.0 = Debug|Any CPU
		{74F4ACBE-2983-4498-B4C7-8DBA1DA5F33F}.Release|Any CPU.ActiveCfg = Release|Any CPU
		{74F4ACBE-2983-4498-B4C7-8DBA1DA5F33F}.Release|Any CPU.Build.0 = Release|Any CPU
	EndGlobalSection
	GlobalSection(SolutionProperties) = preSolution
		HideSolutionNode = FALSE
	EndGlobalSection
	GlobalSection(ExtensibilityGlobals) = postSolution
		SolutionGuid = {47D1EDFE-F906-4848-9CB9-B4D854ADEA60}
	EndGlobalSection
EndGlobal
